{
  "nodes": {
    "all-cabal-json": {
      "flake": false,
      "locked": {
        "lastModified": 1665552503,
        "narHash": "sha256-r14RmRSwzv5c+bWKUDaze6pXM7nOsiz1H8nvFHJvufc=",
        "owner": "nix-community",
        "repo": "all-cabal-json",
        "rev": "d7c0434eebffb305071404edcf9d5cd99703878e",
        "type": "github"
      },
      "original": {
        "owner": "nix-community",
        "ref": "hackage",
        "repo": "all-cabal-json",
        "type": "github"
      }
    },
    "blocklists": {
      "flake": false,
      "locked": {
        "lastModified": 1668393960,
        "narHash": "sha256-ikXWlwO/9sICywdhPS2xBfNfewtta4QNK6VGG3Ayq+0=",
        "owner": "stevenblack",
        "repo": "hosts",
        "rev": "e0340618752b43b9b557ffc5566687376944a983",
        "type": "github"
      },
      "original": {
        "owner": "stevenblack",
        "ref": "master",
        "repo": "hosts",
        "type": "github"
      }
    },
    "cicd": {
      "flake": false,
      "locked": {
        "host": "github.internal.digitalocean.com",
        "lastModified": 1667926143,
        "narHash": "sha256-432SbDCO9BYRY259aloLfAJaYmhMSAd10THQl9GDO/E=",
        "owner": "digitalocean",
        "repo": "cicd",
        "rev": "d3c0b26256a1bacd672d45980b9c6dddff7722a8",
        "type": "github"
      },
      "original": {
        "host": "github.internal.digitalocean.com",
        "owner": "digitalocean",
        "repo": "cicd",
        "type": "github"
      }
    },
    "cntr": {
      "inputs": {
        "nixpkgs": [
          "nixpkgs"
        ],
        "utils": [
          "flake-utils"
        ]
      },
      "locked": {
        "lastModified": 1666697338,
        "narHash": "sha256-vSk+zARh7+z6ydXkMekmQ6O0OKm72YnFahXi2FvuOg4=",
        "owner": "Mic92",
        "repo": "cntr",
        "rev": "42d2f62bc9f694954bbbdd481e840bd683709559",
        "type": "github"
      },
      "original": {
        "owner": "Mic92",
        "repo": "cntr",
        "type": "github"
      }
    },
    "crane": {
      "flake": false,
      "locked": {
        "lastModified": 1661875961,
        "narHash": "sha256-f1h/2c6Teeu1ofAHWzrS8TwBPcnN+EEu+z1sRVmMQTk=",
        "owner": "ipetkov",
        "repo": "crane",
        "rev": "d9f394e4e20e97c2a60c3ad82c2b6ef99be19e24",
        "type": "github"
      },
      "original": {
        "owner": "ipetkov",
        "repo": "crane",
        "type": "github"
      }
    },
    "cthulhu": {
      "flake": false,
      "locked": {
        "host": "github.internal.digitalocean.com",
        "lastModified": 1668525167,
        "narHash": "sha256-8l+3q4IsN8KpNXpOq7NYi5xfJBVyAcZntbPvfPXq7ho=",
        "owner": "digitalocean",
        "repo": "cthulhu",
        "rev": "97aed2587b6b10bbc535337b7424b507e182e123",
        "type": "github"
      },
      "original": {
        "host": "github.internal.digitalocean.com",
        "owner": "digitalocean",
        "repo": "cthulhu",
        "type": "github"
      }
    },
    "dao": {
      "flake": false,
      "locked": {
        "host": "github.internal.digitalocean.com",
        "lastModified": 1662564758,
        "narHash": "sha256-ySEoICtgPvZIft0Rjx4bC3bTh5YMbdZFwzJlA+tNGrg=",
        "owner": "digitalocean",
        "repo": "dao",
        "rev": "f7ac165e7854fb591bcefdb49e12eba63f65293c",
        "type": "github"
      },
      "original": {
        "host": "github.internal.digitalocean.com",
        "owner": "digitalocean",
        "repo": "dao",
        "type": "github"
      }
    },
    "devshell": {
      "flake": false,
      "locked": {
        "lastModified": 1667210711,
        "narHash": "sha256-IoErjXZAkzYWHEpQqwu/DeRNJGFdR7X2OGbkhMqMrpw=",
        "owner": "numtide",
        "repo": "devshell",
        "rev": "96a9dd12b8a447840cc246e17a47b81a4268bba7",
        "type": "github"
      },
      "original": {
        "owner": "numtide",
        "repo": "devshell",
        "type": "github"
      }
    },
    "do-nixpkgs": {
      "inputs": {
        "cthulhu": [
          "cthulhu"
        ],
        "flake-utils": "flake-utils",
        "gitignore": "gitignore",
        "home-manager": "home-manager",
        "naersk": "naersk",
        "nixpkgs": [
          "nixpkgs"
        ],
        "nixpkgs-mozilla": "nixpkgs-mozilla",
        "pre-commit-hooks": [
          "pre-commit-hooks"
        ]
      },
      "locked": {
        "lastModified": 1668525978,
        "narHash": "sha256-Z9OnJ6f0QThkkbC1ZcqWdlQ3k9+j6X6/zb9GU/Ioeb0=",
        "ref": "refs/heads/master",
        "rev": "08f0f1affba2b4a6ddad1ce947d1e382bf3204c2",
        "revCount": 133,
        "type": "git",
        "url": "file:///home/jlogemann/laptop/vendor/do-nixpkgs"
      },
      "original": {
        "type": "git",
        "url": "file:///home/jlogemann/laptop/vendor/do-nixpkgs"
      }
    },
    "dobe": {
      "flake": false,
      "locked": {
        "host": "github.internal.digitalocean.com",
        "lastModified": 1668445537,
        "narHash": "sha256-WotZnv8s8eWIke/j4F6EVP5M53N882UaE3tMcPqE2E4=",
        "owner": "digitalocean",
        "repo": "dobe",
        "rev": "2f6cc1def6d319d15d35345b76dbf55ed8898465",
        "type": "github"
      },
      "original": {
        "host": "github.internal.digitalocean.com",
        "owner": "digitalocean",
        "repo": "dobe",
        "type": "github"
      }
    },
    "dream2nix": {
      "inputs": {
        "alejandra": [
          "helix",
          "nci",
          "nixpkgs"
        ],
        "all-cabal-json": "all-cabal-json",
        "crane": "crane",
        "devshell": [
          "helix",
          "nci",
          "devshell"
        ],
        "flake-utils-pre-commit": [
          "helix",
          "nci",
          "nixpkgs"
        ],
        "ghc-utils": "ghc-utils",
        "gomod2nix": [
          "helix",
          "nci",
          "nixpkgs"
        ],
        "mach-nix": [
          "helix",
          "nci",
          "nixpkgs"
        ],
        "nixpkgs": [
          "helix",
          "nci",
          "nixpkgs"
        ],
        "poetry2nix": [
          "helix",
          "nci",
          "nixpkgs"
        ],
        "pre-commit-hooks": [
          "helix",
          "nci",
          "nixpkgs"
        ]
      },
      "locked": {
        "lastModified": 1667429039,
        "narHash": "sha256-Lu6da25JioHzerkLHAHSO9suCQFzJ/XBjkcGCIbasLM=",
        "owner": "nix-community",
        "repo": "dream2nix",
        "rev": "5252794e58eedb02d607fa3187ffead7becc81b0",
        "type": "github"
      },
      "original": {
        "owner": "nix-community",
        "repo": "dream2nix",
        "type": "github"
      }
    },
    "flake-compat": {
      "flake": false,
      "locked": {
        "lastModified": 1650374568,
        "narHash": "sha256-Z+s0J8/r907g149rllvwhb4pKi8Wam5ij0st8PwAh+E=",
        "owner": "edolstra",
        "repo": "flake-compat",
        "rev": "b4a34015c698c7793d592d66adbab377907a2be8",
        "type": "github"
      },
      "original": {
        "owner": "edolstra",
        "repo": "flake-compat",
        "type": "github"
      }
    },
    "flake-utils": {
      "locked": {
        "lastModified": 1659877975,
        "narHash": "sha256-zllb8aq3YO3h8B/U0/J1WBgAL8EX5yWf5pMj3G0NAmc=",
        "owner": "numtide",
        "repo": "flake-utils",
        "rev": "c0e246b9b83f637f4681389ecabcb2681b4f3af0",
        "type": "github"
      },
      "original": {
        "owner": "numtide",
        "repo": "flake-utils",
        "type": "github"
      }
    },
    "flake-utils_2": {
      "locked": {
        "lastModified": 1667395993,
        "narHash": "sha256-nuEHfE/LcWyuSWnS8t12N1wc105Qtau+/OdUAjtQ0rA=",
        "owner": "numtide",
        "repo": "flake-utils",
        "rev": "5aed5285a952e0b949eb3ba02c12fa4fcfef535f",
        "type": "github"
      },
      "original": {
        "owner": "numtide",
        "repo": "flake-utils",
        "type": "github"
      }
    },
    "fnctl": {
      "inputs": {
        "hardware": [
          "nixos-hardware"
        ],
        "nix-filter": [
          "nix-filter"
        ],
        "nixpkgs": [
          "nixpkgs"
        ],
        "templates": [
          "nixos-templates"
        ],
        "utils": [
          "flake-utils"
        ]
      },
      "locked": {
        "lastModified": 1657740841,
        "narHash": "sha256-mzl5z/WMXGfEBABxHVWllYiajeK1FH9nzGNh184uf8s=",
        "owner": "jakelogemann",
        "repo": "fnctl",
        "rev": "f5ddc7c88ae22579ce61d5201da92e90852cfce0",
        "type": "github"
      },
      "original": {
        "owner": "jakelogemann",
        "repo": "fnctl",
        "type": "github"
      }
    },
    "ghc-utils": {
      "flake": false,
      "locked": {
        "lastModified": 1662774800,
        "narHash": "sha256-1Rd2eohGUw/s1tfvkepeYpg8kCEXiIot0RijapUjAkE=",
        "ref": "refs/heads/master",
        "rev": "bb3a2d3dc52ff0253fb9c2812bd7aa2da03e0fea",
        "revCount": 1072,
        "type": "git",
        "url": "https://gitlab.haskell.org/bgamari/ghc-utils"
      },
      "original": {
        "type": "git",
        "url": "https://gitlab.haskell.org/bgamari/ghc-utils"
      }
    },
    "gitignore": {
      "inputs": {
        "nixpkgs": [
          "do-nixpkgs",
          "nixpkgs"
        ]
      },
      "locked": {
        "lastModified": 1660459072,
        "narHash": "sha256-8DFJjXG8zqoONA1vXtgeKXy68KdJL5UaXR8NtVMUbx8=",
        "owner": "hercules-ci",
        "repo": "gitignore.nix",
        "rev": "a20de23b925fd8264fd7fad6454652e142fd7f73",
        "type": "github"
      },
      "original": {
        "owner": "hercules-ci",
        "repo": "gitignore.nix",
        "type": "github"
      }
    },
    "go-libvirt": {
      "flake": false,
      "locked": {
        "host": "github.internal.digitalocean.com",
        "lastModified": 1668011900,
        "narHash": "sha256-3XdPjjP5hxjaapKT8XgkWBjDXZ+I3N5bDqCANwHLxwk=",
        "owner": "digitalocean",
        "repo": "go-libvirt",
        "rev": "fa8ee42a38bb2da34830ab0badbdc1e768625e21",
        "type": "github"
      },
      "original": {
        "host": "github.internal.digitalocean.com",
        "owner": "digitalocean",
        "repo": "go-libvirt",
        "type": "github"
      }
    },
    "go-nix": {
      "flake": false,
      "locked": {
        "lastModified": 1662484853,
        "narHash": "sha256-kFgT/eIL4c84qaUiFQkG0EIlLyOucwWP0utIWF7/nHA=",
        "owner": "nix-community",
        "repo": "go-nix",
        "rev": "6b0185c1190b03a88ca7c6392c54b9643beeeb30",
        "type": "github"
      },
      "original": {
        "owner": "nix-community",
        "repo": "go-nix",
        "type": "github"
      }
    },
    "gomod2nix": {
      "inputs": {
        "nixpkgs": [
          "nixpkgs"
        ],
        "utils": [
          "flake-utils"
        ]
      },
      "locked": {
        "lastModified": 1662501203,
        "narHash": "sha256-4BKeqCX2zwgBiTdlc2DjGQ0CttKm0vSw0r/bdFdM/PQ=",
        "owner": "nix-community",
        "repo": "gomod2nix",
        "rev": "89cd0675b96775aa3ee86e7c0cf5bc238dd27976",
        "type": "github"
      },
      "original": {
        "owner": "nix-community",
        "repo": "gomod2nix",
        "type": "github"
      }
    },
    "helix": {
      "inputs": {
        "nci": "nci",
        "nixpkgs": [
          "nixpkgs"
        ],
        "rust-overlay": [
          "rust-overlay"
        ]
      },
      "locked": {
        "lastModified": 1668802393,
        "narHash": "sha256-QhdgeJSl9ZUAYVZpVNXp57o9PQjpNgRLGlX17qgTb4M=",
        "owner": "helix-editor",
        "repo": "helix",
        "rev": "598bd8bf11b0f6ee6cf8b59c3415fa0d5d6cd1ff",
        "type": "github"
      },
      "original": {
        "owner": "helix-editor",
        "repo": "helix",
        "type": "github"
      }
    },
    "home-manager": {
      "inputs": {
        "nixpkgs": "nixpkgs",
        "utils": "utils"
      },
      "locked": {
        "lastModified": 1668788863,
        "narHash": "sha256-FsdUG+YkRX7JZKZm6T44J2h+0pXB1sWA9AobyiozFK0=",
        "owner": "nix-community",
        "repo": "home-manager",
        "rev": "948d1f8a5cef55a281d4f5d17f3b79df6c82fce1",
        "type": "github"
      },
      "original": {
        "owner": "nix-community",
        "repo": "home-manager",
        "type": "github"
      }
    },
    "kernel": {
      "flake": false,
      "locked": {
        "host": "github.internal.digitalocean.com",
        "lastModified": 1660065116,
        "narHash": "sha256-vPGQJgNmlb/VSfN3MB4WBXa638+fPGEtKqjrHFliQsA=",
        "owner": "digitalocean",
        "repo": "kernel",
        "rev": "15205c2829ca2cbb5ece5ceaafe1171a8470e62b",
        "type": "github"
      },
      "original": {
        "host": "github.internal.digitalocean.com",
        "owner": "digitalocean",
        "repo": "kernel",
        "type": "github"
      }
    },
    "lowdown-src": {
      "flake": false,
      "locked": {
        "lastModified": 1633514407,
        "narHash": "sha256-Dw32tiMjdK9t3ETl5fzGrutQTzh2rufgZV4A/BbxuD4=",
        "owner": "kristapsdz",
        "repo": "lowdown",
        "rev": "d2c2b44ff6c27b936ec27358a2653caaef8f73b8",
        "type": "github"
      },
      "original": {
        "owner": "kristapsdz",
        "repo": "lowdown",
        "type": "github"
      }
    },
    "naersk": {
      "inputs": {
        "nixpkgs": [
          "do-nixpkgs",
          "nixpkgs"
        ]
      },
      "locked": {
        "lastModified": 1662220400,
        "narHash": "sha256-9o2OGQqu4xyLZP9K6kNe1pTHnyPz0Wr3raGYnr9AIgY=",
        "owner": "nix-community",
        "repo": "naersk",
        "rev": "6944160c19cb591eb85bbf9b2f2768a935623ed3",
        "type": "github"
      },
      "original": {
        "owner": "nix-community",
        "repo": "naersk",
        "type": "github"
      }
    },
    "naersk-lib": {
      "inputs": {
        "nixpkgs": [
          "nixpkgs"
        ]
      },
      "locked": {
        "lastModified": 1662220400,
        "narHash": "sha256-9o2OGQqu4xyLZP9K6kNe1pTHnyPz0Wr3raGYnr9AIgY=",
        "owner": "nix-community",
        "repo": "naersk",
        "rev": "6944160c19cb591eb85bbf9b2f2768a935623ed3",
        "type": "github"
      },
      "original": {
        "owner": "nix-community",
        "repo": "naersk",
        "type": "github"
      }
    },
    "nci": {
      "inputs": {
        "devshell": "devshell",
        "dream2nix": "dream2nix",
        "nixpkgs": [
          "helix",
          "nixpkgs"
        ],
        "rust-overlay": [
          "helix",
          "rust-overlay"
        ]
      },
      "locked": {
        "lastModified": 1667542401,
        "narHash": "sha256-mdWjP5tjSf8n6FAtpSgL23kX4+eWBwLrSYo9iY3mA8Q=",
        "owner": "yusdacra",
        "repo": "nix-cargo-integration",
        "rev": "cd5e5cbd81c80dc219455dd3b1e0ddb55fae51ec",
        "type": "github"
      },
      "original": {
        "owner": "yusdacra",
        "repo": "nix-cargo-integration",
        "type": "github"
      }
    },
    "nix": {
      "inputs": {
        "lowdown-src": "lowdown-src",
        "nixpkgs": [
          "nixpkgs"
        ],
        "nixpkgs-regression": [
          "nixpkgs"
        ]
      },
      "locked": {
        "lastModified": 1668525864,
        "narHash": "sha256-yiJPiAOsfnyFNpd+y4IYU3cPcz6FPUYcsbhHJEQCEU0=",
        "owner": "nixos",
        "repo": "nix",
        "rev": "3ade5f5d6026b825a80bdcc221058c4f14e10a27",
        "type": "github"
      },
      "original": {
        "owner": "nixos",
        "repo": "nix",
        "type": "github"
      }
    },
    "nix-filter": {
      "locked": {
        "lastModified": 1666547822,
        "narHash": "sha256-razwnAybPHyoAyhkKCwXdxihIqJi1G6e1XP4FQOJTEs=",
        "owner": "numtide",
        "repo": "nix-filter",
        "rev": "1a3b735e13e90a8d2fd5629f2f8363bd7ffbbec7",
        "type": "github"
      },
      "original": {
        "owner": "numtide",
        "repo": "nix-filter",
        "type": "github"
      }
    },
    "nixago": {
      "inputs": {
        "flake-utils": [
          "flake-utils"
        ],
        "nixago-exts": [
          "nixago-exts"
        ],
        "nixpkgs": [
          "nixpkgs"
        ]
      },
      "locked": {
        "lastModified": 1661824785,
        "narHash": "sha256-/PnwdWoO/JugJZHtDUioQp3uRiWeXHUdgvoyNbXesz8=",
        "owner": "nix-community",
        "repo": "nixago",
        "rev": "8c1f9e5f1578d4b2ea989f618588d62a335083c3",
        "type": "github"
      },
      "original": {
        "owner": "nix-community",
        "repo": "nixago",
        "type": "github"
      }
    },
    "nixago-exts": {
      "inputs": {
        "flake-utils": [
          "flake-utils"
        ],
        "nixago": [
          "nixago"
        ],
        "nixpkgs": [
          "nixpkgs"
        ]
      },
      "locked": {
        "lastModified": 1655508669,
        "narHash": "sha256-BDDdo5dZQMmwNH/GNacy33nPBnCpSIydWFPZs0kkj/g=",
        "owner": "nix-community",
        "repo": "nixago-extensions",
        "rev": "3022a932ce109258482ecc6568c163e8d0b426aa",
        "type": "github"
      },
      "original": {
        "owner": "nix-community",
        "repo": "nixago-extensions",
        "type": "github"
      }
    },
    "nixos-hardware": {
      "locked": {
        "lastModified": 1668334946,
        "narHash": "sha256-omMbUj4r5DVBWh7KxkoO/Z/1V1shVR6Ls4jXNB4mr3U=",
        "owner": "nixos",
        "repo": "nixos-hardware",
        "rev": "e0452b33ab0ef16ffe075e980644ed92a6a200bb",
        "type": "github"
      },
      "original": {
        "owner": "nixos",
        "repo": "nixos-hardware",
        "type": "github"
      }
    },
    "nixos-templates": {
      "locked": {
        "lastModified": 1665394171,
        "narHash": "sha256-9PxRGDx3RIGnoL55/TwpTYPsNSgdoIi/TSbPQ8CRalU=",
        "owner": "nixos",
        "repo": "templates",
        "rev": "3248d54007cb7cb4cccdfba3e0d074f10ae013fd",
        "type": "github"
      },
      "original": {
        "owner": "nixos",
        "repo": "templates",
        "type": "github"
      }
    },
    "nixpkgs": {
      "locked": {
        "lastModified": 1668671332,
        "narHash": "sha256-6QW9sTuLDcBLoR5EY+6LR7Y1k0dFVEMqcWY4jYOuiqM=",
        "owner": "nixos",
        "repo": "nixpkgs",
        "rev": "54be84c3ac0122c2b2272fc68a9015304bc0bb73",
        "type": "github"
      },
      "original": {
        "owner": "nixos",
        "ref": "nixos-unstable",
        "repo": "nixpkgs",
        "type": "github"
      }
    },
    "nixpkgs-lint": {
      "inputs": {
        "flake-compat": [
          "flake-compat"
        ],
        "naersk": [
          "naersk-lib"
        ],
        "nixpkgs": [
          "nixpkgs"
        ],
        "utils": [
          "flake-utils"
        ]
      },
      "locked": {
        "lastModified": 1666010795,
        "narHash": "sha256-csU0YITPj6UNp7t5bY4Ib9uk/+rO1hJAdDMMHvSWvZk=",
        "owner": "nix-community",
        "repo": "nixpkgs-lint",
        "rev": "be6a8fbf243ae239f0872ff8c5ad2c6507440edb",
        "type": "github"
      },
      "original": {
        "owner": "nix-community",
        "repo": "nixpkgs-lint",
        "type": "github"
      }
    },
    "nixpkgs-mozilla": {
      "locked": {
        "lastModified": 1664789696,
        "narHash": "sha256-UGWJHQShiwLCr4/DysMVFrYdYYHcOqAOVsWNUu+l6YU=",
        "owner": "mozilla",
        "repo": "nixpkgs-mozilla",
        "rev": "80627b282705101e7b38e19ca6e8df105031b072",
        "type": "github"
      },
      "original": {
        "owner": "mozilla",
        "repo": "nixpkgs-mozilla",
        "type": "github"
      }
    },
    "nixpkgs_2": {
      "locked": {
        "lastModified": 1668417584,
        "narHash": "sha256-yeuEyxKPwsm5fIHN49L/syn9g5coxnPp3GsVquhrv5A=",
        "owner": "NixOS",
        "repo": "nixpkgs",
        "rev": "013fcdd106823416918004bb684c3c186d3c460f",
        "type": "github"
      },
      "original": {
        "id": "nixpkgs",
        "ref": "nixos-unstable",
        "type": "indirect"
      }
    },
    "nmd": {
      "flake": false,
      "locked": {
        "lastModified": 1666190571,
        "narHash": "sha256-Z1hc7M9X6L+H83o9vOprijpzhTfOBjd0KmUTnpHAVjA=",
        "owner": "rycee",
        "repo": "nmd",
        "rev": "b75d312b4f33bd3294cd8ae5c2ca8c6da2afc169",
        "type": "gitlab"
      },
      "original": {
        "owner": "rycee",
        "repo": "nmd",
        "type": "gitlab"
      }
    },
    "nmt": {
      "flake": false,
      "locked": {
        "lastModified": 1648075362,
        "narHash": "sha256-u36WgzoA84dMVsGXzml4wZ5ckGgfnvS0ryzo/3zn/Pc=",
        "owner": "rycee",
        "repo": "nmt",
        "rev": "d83601002c99b78c89ea80e5e6ba21addcfe12ae",
        "type": "gitlab"
      },
      "original": {
        "owner": "rycee",
        "repo": "nmt",
        "type": "gitlab"
      }
    },
    "pnix": {
      "locked": {
        "lastModified": 1668629207,
        "narHash": "sha256-ggmCu96VqPVYSjsHhtpiM2o/kXaNLZuM694NT5yOQUQ=",
        "owner": "polis-dev",
        "repo": "pnix",
        "rev": "cbffa76680528870d289c2db70053ee38f139f76",
        "type": "github"
      },
      "original": {
        "owner": "polis-dev",
        "repo": "pnix",
        "type": "github"
      }
    },
    "pre-commit-hooks": {
      "inputs": {
        "flake-utils": [
          "flake-utils"
        ],
        "nixpkgs": [
          "nixpkgs"
        ]
      },
      "locked": {
        "lastModified": 1667992213,
        "narHash": "sha256-8Ens8ozllvlaFMCZBxg6S7oUyynYx2v7yleC5M0jJsE=",
        "owner": "cachix",
        "repo": "pre-commit-hooks.nix",
        "rev": "ebcbfe09d2bd6d15f68de3a0ebb1e4dcb5cd324b",
        "type": "github"
      },
      "original": {
        "owner": "cachix",
        "repo": "pre-commit-hooks.nix",
        "type": "github"
      }
    },
    "qemu": {
      "flake": false,
      "locked": {
        "host": "github.internal.digitalocean.com",
        "lastModified": 1655149128,
        "narHash": "sha256-yXhFMkNJDiDztGZgH4Oz/atxYFAwsH8VcjINDHVBoLM=",
        "owner": "digitalocean",
        "repo": "qemu",
        "rev": "b3646ce3fd77b254ad3773d7b06344e71d84cbda",
        "type": "github"
      },
      "original": {
        "host": "github.internal.digitalocean.com",
        "owner": "digitalocean",
        "repo": "qemu",
        "type": "github"
      }
    },
    "rolo": {
      "flake": false,
      "locked": {
        "host": "github.internal.digitalocean.com",
        "lastModified": 1665503797,
        "narHash": "sha256-ULwdgz3LVntMpEG7GIjnB31NHKlAlrDDk1he8iJDaFE=",
        "owner": "digitalocean",
        "repo": "rolo",
        "rev": "e710a1d543ec337c693951fe149bdcbec26dab58",
        "type": "github"
      },
      "original": {
        "host": "github.internal.digitalocean.com",
        "owner": "digitalocean",
        "repo": "rolo",
        "type": "github"
      }
    },
    "root": {
      "inputs": {
        "blocklists": "blocklists",
        "cicd": "cicd",
        "cntr": "cntr",
        "cthulhu": "cthulhu",
        "dao": "dao",
        "do-nixpkgs": "do-nixpkgs",
        "dobe": "dobe",
        "flake-compat": "flake-compat",
        "flake-utils": "flake-utils_2",
        "fnctl": "fnctl",
        "go-libvirt": "go-libvirt",
        "go-nix": "go-nix",
        "gomod2nix": "gomod2nix",
        "helix": "helix",
        "kernel": "kernel",
        "naersk-lib": "naersk-lib",
        "nix": "nix",
        "nix-filter": "nix-filter",
        "nixago": "nixago",
        "nixago-exts": "nixago-exts",
        "nixos-hardware": "nixos-hardware",
        "nixos-templates": "nixos-templates",
        "nixpkgs": "nixpkgs_2",
        "nixpkgs-lint": "nixpkgs-lint",
        "nmd": "nmd",
        "nmt": "nmt",
        "pnix": "pnix",
        "pre-commit-hooks": "pre-commit-hooks",
        "qemu": "qemu",
        "rolo": "rolo",
        "rust-overlay": "rust-overlay",
        "servicecatalog-snapshot": "servicecatalog-snapshot",
        "systemd": "systemd",
        "zsh-autocomplete": "zsh-autocomplete"
      }
    },
    "rust-overlay": {
      "inputs": {
        "flake-utils": [
          "flake-utils"
        ],
        "nixpkgs": [
          "nixpkgs"
        ]
      },
      "locked": {
        "lastModified": 1668479979,
        "narHash": "sha256-UI+JUCBaMpn+5Y1hSePmndbYX5zu0+bavlfzrhPrGEk=",
        "owner": "oxalica",
        "repo": "rust-overlay",
        "rev": "2342f70f7257046effc031333c4cfdea66c91d82",
        "type": "github"
      },
      "original": {
        "owner": "oxalica",
        "repo": "rust-overlay",
        "type": "github"
      }
    },
    "servicecatalog-snapshot": {
      "flake": false,
      "locked": {
        "host": "github.internal.digitalocean.com",
        "lastModified": 1668462844,
        "narHash": "sha256-LEklwQ/lS0KNPeCE8nG0reLBxfLNAOtiYSJ+y9vfklE=",
        "owner": "digitalocean",
        "repo": "servicecatalog-snapshots",
        "rev": "618e4d008690bd1123dcceb96733743964720660",
        "type": "github"
      },
      "original": {
        "host": "github.internal.digitalocean.com",
        "owner": "digitalocean",
        "repo": "servicecatalog-snapshots",
        "type": "github"
      }
    },
    "systemd": {
      "flake": false,
      "locked": {
        "host": "github.internal.digitalocean.com",
        "lastModified": 1666124644,
        "narHash": "sha256-8RyrUU+C+FQI4NICS16bhZ7u6tNLomKq7i6JZujicd8=",
        "owner": "digitalocean",
        "repo": "systemd",
        "rev": "87e97e439fde1e6c331821cedb46f7e625f34216",
        "type": "github"
      },
      "original": {
        "host": "github.internal.digitalocean.com",
        "owner": "digitalocean",
        "repo": "systemd",
        "type": "github"
      }
    },
    "utils": {
      "locked": {
        "lastModified": 1659877975,
        "narHash": "sha256-zllb8aq3YO3h8B/U0/J1WBgAL8EX5yWf5pMj3G0NAmc=",
        "owner": "numtide",
        "repo": "flake-utils",
        "rev": "c0e246b9b83f637f4681389ecabcb2681b4f3af0",
        "type": "github"
      },
      "original": {
        "owner": "numtide",
        "repo": "flake-utils",
        "type": "github"
      }
    },
    "zsh-autocomplete": {
      "flake": false,
      "locked": {
        "lastModified": 1668608791,
        "narHash": "sha256-9R48yD03CXPJ7UV4Lxnp7lq/7q1sa3aZoNhByC8yxW0=",
        "owner": "marlonrichert",
        "repo": "zsh-autocomplete",
        "rev": "866c6610bfeea18b055001703822c9ffd92337f7",
        "type": "github"
      },
      "original": {
        "owner": "marlonrichert",
        "repo": "zsh-autocomplete",
        "type": "github"
      }
    }
  },
  "root": "root",
  "version": 7
}
