{
  "nodes": {
    "cicd": {
      "flake": false,
      "locked": {
        "host": "github.internal.digitalocean.com",
        "lastModified": 1662566308,
        "narHash": "sha256-WH5i/sMhg7D3EbdYu5gnCtPWAquYUE6wFJVDhjNu1cY=",
        "owner": "digitalocean",
        "repo": "cicd",
        "rev": "ebbb2621b9bcda699f5e3923e4539c110fed66aa",
        "type": "github"
      },
      "original": {
        "host": "github.internal.digitalocean.com",
        "owner": "digitalocean",
        "repo": "cicd",
        "type": "github"
      }
    },
    "cthulhu": {
      "flake": false,
      "locked": {
        "host": "github.internal.digitalocean.com",
        "lastModified": 1666193963,
        "narHash": "sha256-Mh1WwzpYgviLWouwmne0nusOt/R8OWMQvsuPjSTNd3E=",
        "owner": "digitalocean",
        "repo": "cthulhu",
        "rev": "b7c36992db3ec478902611125a54a193fdd2def8",
        "type": "github"
      },
      "original": {
        "host": "github.internal.digitalocean.com",
        "owner": "digitalocean",
        "repo": "cthulhu",
        "type": "github"
      }
    },
    "dao": {
      "flake": false,
      "locked": {
        "host": "github.internal.digitalocean.com",
        "lastModified": 1662564758,
        "narHash": "sha256-ySEoICtgPvZIft0Rjx4bC3bTh5YMbdZFwzJlA+tNGrg=",
        "owner": "digitalocean",
        "repo": "dao",
        "rev": "f7ac165e7854fb591bcefdb49e12eba63f65293c",
        "type": "github"
      },
      "original": {
        "host": "github.internal.digitalocean.com",
        "owner": "digitalocean",
        "repo": "dao",
        "type": "github"
      }
    },
    "do-nixpkgs": {
      "inputs": {
        "cthulhu": [
          "cthulhu"
        ],
        "flake-utils": "flake-utils",
        "gitignore": "gitignore",
        "home-manager": "home-manager",
        "nixpkgs": "nixpkgs_2",
        "pre-commit-hooks": "pre-commit-hooks"
      },
      "locked": {
        "lastModified": 1666026679,
        "narHash": "sha256-DW9piW49gZy1YsHhRQ49qwfuQFomVOCI/gutQP5rQ0g=",
        "ref": "master",
        "rev": "73547eb58f36037ba133cefa527942268b18c32e",
        "revCount": 126,
        "type": "git",
        "url": "https://github.internal.digitalocean.com/digitalocean/do-nixpkgs"
      },
      "original": {
        "ref": "master",
        "type": "git",
        "url": "https://github.internal.digitalocean.com/digitalocean/do-nixpkgs"
      }
    },
    "dotfiles": {
      "flake": false,
      "locked": {
        "lastModified": 1664410299,
        "narHash": "sha256-DYneU0fzHNcnX25VS8Lys7utMyxUb/7TZR584ToRoyw=",
        "owner": "jakelogemann",
        "repo": ".config",
        "rev": "0442d5bade86180068c2e102f1b9fff8ac80a22f",
        "type": "github"
      },
      "original": {
        "owner": "jakelogemann",
        "repo": ".config",
        "type": "github"
      }
    },
    "flake-utils": {
      "locked": {
        "lastModified": 1659877975,
        "narHash": "sha256-zllb8aq3YO3h8B/U0/J1WBgAL8EX5yWf5pMj3G0NAmc=",
        "owner": "numtide",
        "repo": "flake-utils",
        "rev": "c0e246b9b83f637f4681389ecabcb2681b4f3af0",
        "type": "github"
      },
      "original": {
        "owner": "numtide",
        "repo": "flake-utils",
        "type": "github"
      }
    },
    "flake-utils_2": {
      "locked": {
        "lastModified": 1659877975,
        "narHash": "sha256-zllb8aq3YO3h8B/U0/J1WBgAL8EX5yWf5pMj3G0NAmc=",
        "owner": "numtide",
        "repo": "flake-utils",
        "rev": "c0e246b9b83f637f4681389ecabcb2681b4f3af0",
        "type": "github"
      },
      "original": {
        "owner": "numtide",
        "repo": "flake-utils",
        "type": "github"
      }
    },
    "fnctl": {
      "inputs": {
        "hardware": [
          "nixos-hardware"
        ],
        "nix-filter": [
          "nix-filter"
        ],
        "nixpkgs": [
          "nixpkgs"
        ],
        "templates": [
          "nixos-templates"
        ],
        "utils": [
          "flake-utils"
        ]
      },
      "locked": {
        "lastModified": 1657740841,
        "narHash": "sha256-mzl5z/WMXGfEBABxHVWllYiajeK1FH9nzGNh184uf8s=",
        "owner": "jakelogemann",
        "repo": "fnctl",
        "rev": "f5ddc7c88ae22579ce61d5201da92e90852cfce0",
        "type": "github"
      },
      "original": {
        "owner": "jakelogemann",
        "repo": "fnctl",
        "type": "github"
      }
    },
    "gitignore": {
      "inputs": {
        "nixpkgs": [
          "do-nixpkgs",
          "nixpkgs"
        ]
      },
      "locked": {
        "lastModified": 1660459072,
        "narHash": "sha256-8DFJjXG8zqoONA1vXtgeKXy68KdJL5UaXR8NtVMUbx8=",
        "owner": "hercules-ci",
        "repo": "gitignore.nix",
        "rev": "a20de23b925fd8264fd7fad6454652e142fd7f73",
        "type": "github"
      },
      "original": {
        "owner": "hercules-ci",
        "repo": "gitignore.nix",
        "type": "github"
      }
    },
    "home-manager": {
      "inputs": {
        "nixpkgs": "nixpkgs",
        "utils": "utils"
      },
      "locked": {
        "lastModified": 1666080735,
        "narHash": "sha256-4YWYJgzt9mGuAvXAuEziYms+bYlk/1spyt3iLizRL5I=",
        "owner": "nix-community",
        "repo": "home-manager",
        "rev": "42f81ac107c5a9a177888080107094dba57f134e",
        "type": "github"
      },
      "original": {
        "owner": "nix-community",
        "repo": "home-manager",
        "type": "github"
      }
    },
    "nix-filter": {
      "locked": {
        "lastModified": 1661201956,
        "narHash": "sha256-RizGJH/buaw9A2+fiBf9WnXYw4LZABB5kMAZIEE5/T8=",
        "owner": "numtide",
        "repo": "nix-filter",
        "rev": "3b821578685d661a10b563cba30b1861eec05748",
        "type": "github"
      },
      "original": {
        "owner": "numtide",
        "repo": "nix-filter",
        "type": "github"
      }
    },
    "nixos-hardware": {
      "locked": {
        "lastModified": 1665987993,
        "narHash": "sha256-MvlaIYTRiqefG4dzI5p6vVCfl+9V8A1cPniUjcn6Ngc=",
        "owner": "nixos",
        "repo": "nixos-hardware",
        "rev": "0e6593630071440eb89cd97a52921497482b22c6",
        "type": "github"
      },
      "original": {
        "owner": "nixos",
        "repo": "nixos-hardware",
        "type": "github"
      }
    },
    "nixos-templates": {
      "locked": {
        "lastModified": 1665394171,
        "narHash": "sha256-9PxRGDx3RIGnoL55/TwpTYPsNSgdoIi/TSbPQ8CRalU=",
        "owner": "nixos",
        "repo": "templates",
        "rev": "3248d54007cb7cb4cccdfba3e0d074f10ae013fd",
        "type": "github"
      },
      "original": {
        "owner": "nixos",
        "repo": "templates",
        "type": "github"
      }
    },
    "nixpkgs": {
      "locked": {
        "lastModified": 1666109165,
        "narHash": "sha256-BMLyNVkr0oONuq3lKlFCRVuYqF75CO68Z8EoCh81Zdk=",
        "owner": "nixos",
        "repo": "nixpkgs",
        "rev": "32096899af23d49010bd8cf6a91695888d9d9e73",
        "type": "github"
      },
      "original": {
        "owner": "nixos",
        "ref": "nixos-unstable",
        "repo": "nixpkgs",
        "type": "github"
      }
    },
    "nixpkgs_2": {
      "locked": {
        "lastModified": 1663264531,
        "narHash": "sha256-2ncO5chPXlTxaebDlhx7MhL0gOEIWxzSyfsl0r0hxQk=",
        "owner": "NixOS",
        "repo": "nixpkgs",
        "rev": "454887a35de6317a30be284e8adc2d2f6d8a07c4",
        "type": "github"
      },
      "original": {
        "owner": "NixOS",
        "ref": "nixpkgs-unstable",
        "repo": "nixpkgs",
        "type": "github"
      }
    },
    "nixpkgs_3": {
      "locked": {
        "lastModified": 1666109165,
        "narHash": "sha256-BMLyNVkr0oONuq3lKlFCRVuYqF75CO68Z8EoCh81Zdk=",
        "owner": "NixOS",
        "repo": "nixpkgs",
        "rev": "32096899af23d49010bd8cf6a91695888d9d9e73",
        "type": "github"
      },
      "original": {
        "id": "nixpkgs",
        "ref": "nixos-unstable",
        "type": "indirect"
      }
    },
    "pre-commit-hooks": {
      "inputs": {
        "flake-utils": [
          "do-nixpkgs",
          "flake-utils"
        ],
        "nixpkgs": [
          "do-nixpkgs",
          "nixpkgs"
        ]
      },
      "locked": {
        "lastModified": 1663082609,
        "narHash": "sha256-lmCCIu4dj59qbzkGKHQtolhpIEQMeAd2XUbXVPqgPYo=",
        "owner": "cachix",
        "repo": "pre-commit-hooks.nix",
        "rev": "60cad1a326df17a8c6cf2bb23436609fdd83024e",
        "type": "github"
      },
      "original": {
        "owner": "cachix",
        "repo": "pre-commit-hooks.nix",
        "type": "github"
      }
    },
    "root": {
      "inputs": {
        "cicd": "cicd",
        "cthulhu": "cthulhu",
        "dao": "dao",
        "do-nixpkgs": "do-nixpkgs",
        "dotfiles": "dotfiles",
        "flake-utils": "flake-utils_2",
        "fnctl": "fnctl",
        "nix-filter": "nix-filter",
        "nixos-hardware": "nixos-hardware",
        "nixos-templates": "nixos-templates",
        "nixpkgs": "nixpkgs_3"
      }
    },
    "utils": {
      "locked": {
        "lastModified": 1659877975,
        "narHash": "sha256-zllb8aq3YO3h8B/U0/J1WBgAL8EX5yWf5pMj3G0NAmc=",
        "owner": "numtide",
        "repo": "flake-utils",
        "rev": "c0e246b9b83f637f4681389ecabcb2681b4f3af0",
        "type": "github"
      },
      "original": {
        "owner": "numtide",
        "repo": "flake-utils",
        "type": "github"
      }
    }
  },
  "root": "root",
  "version": 7
}
