{
  "nodes": {
    "cthulhu": {
      "flake": false,
      "locked": {
        "host": "github.internal.digitalocean.com",
        "lastModified": 1666127945,
        "narHash": "sha256-Ry4BNRgDYKpbZAKui4xhf50BFhrRBV/E8dNu3XSj1gg=",
        "owner": "digitalocean",
        "repo": "cthulhu",
        "rev": "1b957ae87f88baa1b72c87147ebbe9f25544293b",
        "type": "github"
      },
      "original": {
        "host": "github.internal.digitalocean.com",
        "owner": "digitalocean",
        "repo": "cthulhu",
        "type": "github"
      }
    },
    "do-nixpkgs": {
      "inputs": {
        "cthulhu": [
          "cthulhu"
        ],
        "flake-utils": "flake-utils",
        "gitignore": "gitignore",
        "home-manager": "home-manager",
        "nixpkgs": "nixpkgs_2",
        "pre-commit-hooks": "pre-commit-hooks"
      },
      "locked": {
        "lastModified": 1666026679,
        "narHash": "sha256-DW9piW49gZy1YsHhRQ49qwfuQFomVOCI/gutQP5rQ0g=",
        "ref": "master",
        "rev": "73547eb58f36037ba133cefa527942268b18c32e",
        "revCount": 126,
        "type": "git",
        "url": "https://github.internal.digitalocean.com/digitalocean/do-nixpkgs"
      },
      "original": {
        "ref": "master",
        "type": "git",
        "url": "https://github.internal.digitalocean.com/digitalocean/do-nixpkgs"
      }
    },
    "flake-utils": {
      "locked": {
        "lastModified": 1659877975,
        "narHash": "sha256-zllb8aq3YO3h8B/U0/J1WBgAL8EX5yWf5pMj3G0NAmc=",
        "owner": "numtide",
        "repo": "flake-utils",
        "rev": "c0e246b9b83f637f4681389ecabcb2681b4f3af0",
        "type": "github"
      },
      "original": {
        "owner": "numtide",
        "repo": "flake-utils",
        "type": "github"
      }
    },
    "fnctl": {
      "inputs": {
        "hardware": "hardware",
        "nix-filter": "nix-filter",
        "nixpkgs": [
          "nixpkgs"
        ],
        "templates": "templates",
        "utils": "utils_2"
      },
      "locked": {
        "lastModified": 1657740841,
        "narHash": "sha256-mzl5z/WMXGfEBABxHVWllYiajeK1FH9nzGNh184uf8s=",
        "owner": "jakelogemann",
        "repo": "fnctl",
        "rev": "f5ddc7c88ae22579ce61d5201da92e90852cfce0",
        "type": "github"
      },
      "original": {
        "owner": "jakelogemann",
        "repo": "fnctl",
        "type": "github"
      }
    },
    "gitignore": {
      "inputs": {
        "nixpkgs": [
          "do-nixpkgs",
          "nixpkgs"
        ]
      },
      "locked": {
        "lastModified": 1660459072,
        "narHash": "sha256-8DFJjXG8zqoONA1vXtgeKXy68KdJL5UaXR8NtVMUbx8=",
        "owner": "hercules-ci",
        "repo": "gitignore.nix",
        "rev": "a20de23b925fd8264fd7fad6454652e142fd7f73",
        "type": "github"
      },
      "original": {
        "owner": "hercules-ci",
        "repo": "gitignore.nix",
        "type": "github"
      }
    },
    "hardware": {
      "locked": {
        "lastModified": 1656353817,
        "narHash": "sha256-UJEzMQcft/0Ilu4LWV7UH51mr5UCo28GL06BGO+djv4=",
        "owner": "nixos",
        "repo": "nixos-hardware",
        "rev": "78e7c2c397b0376526e83162b58de921362e3399",
        "type": "github"
      },
      "original": {
        "owner": "nixos",
        "repo": "nixos-hardware",
        "type": "github"
      }
    },
    "home-manager": {
      "inputs": {
        "nixpkgs": "nixpkgs",
        "utils": "utils"
      },
      "locked": {
        "lastModified": 1666080735,
        "narHash": "sha256-4YWYJgzt9mGuAvXAuEziYms+bYlk/1spyt3iLizRL5I=",
        "owner": "nix-community",
        "repo": "home-manager",
        "rev": "42f81ac107c5a9a177888080107094dba57f134e",
        "type": "github"
      },
      "original": {
        "owner": "nix-community",
        "repo": "home-manager",
        "type": "github"
      }
    },
    "nix-filter": {
      "locked": {
        "lastModified": 1653590866,
        "narHash": "sha256-E4yKIrt/S//WfW5D9IhQ1dVuaAy8RE7EiCMfnbrOC78=",
        "owner": "numtide",
        "repo": "nix-filter",
        "rev": "3e81a637cdf9f6e9b39aeb4d6e6394d1ad158e16",
        "type": "github"
      },
      "original": {
        "owner": "numtide",
        "repo": "nix-filter",
        "type": "github"
      }
    },
    "nixpkgs": {
      "locked": {
        "lastModified": 1665940183,
        "narHash": "sha256-cPe3F7CtnxU9YbJpc3Adl4d9kX+turqTv5FxM98i8vg=",
        "owner": "nixos",
        "repo": "nixpkgs",
        "rev": "104e8082de1b20f9d0e1f05b1028795ed0e0e4bc",
        "type": "github"
      },
      "original": {
        "owner": "nixos",
        "ref": "nixos-unstable",
        "repo": "nixpkgs",
        "type": "github"
      }
    },
    "nixpkgs_2": {
      "locked": {
        "lastModified": 1663264531,
        "narHash": "sha256-2ncO5chPXlTxaebDlhx7MhL0gOEIWxzSyfsl0r0hxQk=",
        "owner": "NixOS",
        "repo": "nixpkgs",
        "rev": "454887a35de6317a30be284e8adc2d2f6d8a07c4",
        "type": "github"
      },
      "original": {
        "owner": "NixOS",
        "ref": "nixpkgs-unstable",
        "repo": "nixpkgs",
        "type": "github"
      }
    },
    "nixpkgs_3": {
      "locked": {
        "lastModified": 1665940183,
        "narHash": "sha256-cPe3F7CtnxU9YbJpc3Adl4d9kX+turqTv5FxM98i8vg=",
        "owner": "NixOS",
        "repo": "nixpkgs",
        "rev": "104e8082de1b20f9d0e1f05b1028795ed0e0e4bc",
        "type": "github"
      },
      "original": {
        "id": "nixpkgs",
        "ref": "nixos-unstable",
        "type": "indirect"
      }
    },
    "pre-commit-hooks": {
      "inputs": {
        "flake-utils": [
          "do-nixpkgs",
          "flake-utils"
        ],
        "nixpkgs": [
          "do-nixpkgs",
          "nixpkgs"
        ]
      },
      "locked": {
        "lastModified": 1663082609,
        "narHash": "sha256-lmCCIu4dj59qbzkGKHQtolhpIEQMeAd2XUbXVPqgPYo=",
        "owner": "cachix",
        "repo": "pre-commit-hooks.nix",
        "rev": "60cad1a326df17a8c6cf2bb23436609fdd83024e",
        "type": "github"
      },
      "original": {
        "owner": "cachix",
        "repo": "pre-commit-hooks.nix",
        "type": "github"
      }
    },
    "root": {
      "inputs": {
        "cthulhu": "cthulhu",
        "do-nixpkgs": "do-nixpkgs",
        "fnctl": "fnctl",
        "nixpkgs": "nixpkgs_3"
      }
    },
    "templates": {
      "locked": {
        "lastModified": 1649246137,
        "narHash": "sha256-cbAjf3JPoHlJD5Ayoj1sd1Gz1EZMHrFnZWIxbSGslmU=",
        "owner": "nixos",
        "repo": "templates",
        "rev": "2f86534428917d96d414964c69a5cfe353500ad5",
        "type": "github"
      },
      "original": {
        "owner": "nixos",
        "repo": "templates",
        "type": "github"
      }
    },
    "utils": {
      "locked": {
        "lastModified": 1659877975,
        "narHash": "sha256-zllb8aq3YO3h8B/U0/J1WBgAL8EX5yWf5pMj3G0NAmc=",
        "owner": "numtide",
        "repo": "flake-utils",
        "rev": "c0e246b9b83f637f4681389ecabcb2681b4f3af0",
        "type": "github"
      },
      "original": {
        "owner": "numtide",
        "repo": "flake-utils",
        "type": "github"
      }
    },
    "utils_2": {
      "locked": {
        "lastModified": 1656065134,
        "narHash": "sha256-oc6E6ByIw3oJaIyc67maaFcnjYOz1mMcOtHxbEf9NwQ=",
        "owner": "numtide",
        "repo": "flake-utils",
        "rev": "bee6a7250dd1b01844a2de7e02e4df7d8a0a206c",
        "type": "github"
      },
      "original": {
        "owner": "numtide",
        "repo": "flake-utils",
        "type": "github"
      }
    }
  },
  "root": "root",
  "version": 7
}
